
Microsoft Visual Studio Solution File, Format Version 12.00
# Visual Studio Version 16
VisualStudioVersion = 16.0.30907.101
MinimumVisualStudioVersion = 10.0.40219.1
Project("{FAE04EC0-301F-11D3-BF4B-00C04F79EFBC}") = "first", "first\first.csproj", "{D1DEAFC6-F1C2-44A8-BE04-4BE59BD30622}"
EndProject
Project("{FAE04EC0-301F-11D3-BF4B-00C04F79EFBC}") = "Metotlar", "Metotlar\Metotlar.csproj", "{37C20702-B154-44F8-B7EB-B6388A09EB53}"
EndProject
Project("{FAE04EC0-301F-11D3-BF4B-00C04F79EFBC}") = "Matematik", "Matematik\Matematik.csproj", "{AD19676A-735D-4D4D-A177-11FE63144FD9}"
EndProject
Project("{FAE04EC0-301F-11D3-BF4B-00C04F79EFBC}") = "DegerVeReferansTipler", "DegerVeReferansTipler\DegerVeReferansTipler.csproj", "{7B211A1B-AC31-47BB-A768-326CA5BBAFCB}"
EndProject
Global
	GlobalSection(SolutionConfigurationPlatforms) = preSolution
		Debug|Any CPU = Debug|Any CPU
		Release|Any CPU = Release|Any CPU
	EndGlobalSection
	GlobalSection(ProjectConfigurationPlatforms) = postSolution
		{D1DEAFC6-F1C2-44A8-BE04-4BE59BD30622}.Debug|Any CPU.ActiveCfg = Debug|Any CPU
		{D1DEAFC6-F1C2-44A8-BE04-4BE59BD30622}.Debug|Any CPU.Build.0 = Debug|Any CPU
		{D1DEAFC6-F1C2-44A8-BE04-4BE59BD30622}.Release|Any CPU.ActiveCfg = Release|Any CPU
		{D1DEAFC6-F1C2-44A8-BE04-4BE59BD30622}.Release|Any CPU.Build.0 = Release|Any CPU
		{37C20702-B154-44F8-B7EB-B6388A09EB53}.Debug|Any CPU.ActiveCfg = Debug|Any CPU
		{37C20702-B154-44F8-B7EB-B6388A09EB53}.Debug|Any CPU.Build.0 = Debug|Any CPU
		{37C20702-B154-44F8-B7EB-B6388A09EB53}.Release|Any CPU.ActiveCfg = Release|Any CPU
		{37C20702-B154-44F8-B7EB-B6388A09EB53}.Release|Any CPU.Build.0 = Release|Any CPU
		{AD19676A-735D-4D4D-A177-11FE63144FD9}.Debug|Any CPU.ActiveCfg = Debug|Any CPU
		{AD19676A-735D-4D4D-A177-11FE63144FD9}.Debug|Any CPU.Build.0 = Debug|Any CPU
		{AD19676A-735D-4D4D-A177-11FE63144FD9}.Release|Any CPU.ActiveCfg = Release|Any CPU
		{AD19676A-735D-4D4D-A177-11FE63144FD9}.Release|Any CPU.Build.0 = Release|Any CPU
		{7B211A1B-AC31-47BB-A768-326CA5BBAFCB}.Debug|Any CPU.ActiveCfg = Debug|Any CPU
		{7B211A1B-AC31-47BB-A768-326CA5BBAFCB}.Debug|Any CPU.Build.0 = Debug|Any CPU
		{7B211A1B-AC31-47BB-A768-326CA5BBAFCB}.Release|Any CPU.ActiveCfg = Release|Any CPU
		{7B211A1B-AC31-47BB-A768-326CA5BBAFCB}.Release|Any CPU.Build.0 = Release|Any CPU
	EndGlobalSection
	GlobalSection(SolutionProperties) = preSolution
		HideSolutionNode = FALSE
	EndGlobalSection
	GlobalSection(ExtensibilityGlobals) = postSolution
		SolutionGuid = {72C8E7C4-428B-4602-9905-EE4BCADED3C8}
	EndGlobalSection
EndGlobal
